// !$*UTF8*$!
{
	archiveVersion = 1;
	classes = {
	};
	objectVersion = 77;
	objects = {

/* Begin PBXBuildFile section */
		BF1E97D92F00C164006A071E /* Auth in Frameworks */ = {isa = PBXBuildFile; productRef = BF1E97D82F00C164006A071E /* Auth */; };
		BF1E97DB2F00C164006A071E /* Functions in Frameworks */ = {isa = PBXBuildFile; productRef = BF1E97DA2F00C164006A071E /* Functions */; };
		BF1E97DD2F00C164006A071E /* PostgREST in Frameworks */ = {isa = PBXBuildFile; productRef = BF1E97DC2F00C164006A071E /* PostgREST */; };
		BF1E97DF2F00C164006A071E /* Realtime in Frameworks */ = {isa = PBXBuildFile; productRef = BF1E97DE2F00C164006A071E /* Realtime */; };
		BF1E97E12F00C164006A071E /* Storage in Frameworks */ = {isa = PBXBuildFile; productRef = BF1E97E02F00C164006A071E /* Storage */; };
		BF1E97E42F00C19C006A071E /* GoogleSignIn in Frameworks */ = {isa = PBXBuildFile; productRef = BF1E97E32F00C19C006A071E /* GoogleSignIn */; };
		BF1E97E62F00C19C006A071E /* GoogleSignInSwift in Frameworks */ = {isa = PBXBuildFile; productRef = BF1E97E52F00C19C006A071E /* GoogleSignInSwift */; };
		BF1E97E92F00C1C6006A071E /* GoogleMobileAds in Frameworks */ = {isa = PBXBuildFile; productRef = BF1E97E82F00C1C6006A071E /* GoogleMobileAds */; };
		BF1E980B2F00FD96006A071E /* Supabase in Frameworks */ = {isa = PBXBuildFile; productRef = BF1E980A2F00FD96006A071E /* Supabase */; };
		BF1E982F2F037251006A071E /* WidgetKit.framework in Frameworks */ = {isa = PBXBuildFile; fileRef = BF1E982E2F037251006A071E /* WidgetKit.framework */; };
		BF1E98312F037251006A071E /* SwiftUI.framework in Frameworks */ = {isa = PBXBuildFile; fileRef = BF1E98302F037251006A071E /* SwiftUI.framework */; };
		BF1E98402F037253006A071E /* SquibbleWidgetExtension.appex in Embed Foundation Extensions */ = {isa = PBXBuildFile; fileRef = BF1E982D2F037251006A071E /* SquibbleWidgetExtension.appex */; settings = {ATTRIBUTES = (RemoveHeadersOnCopy, ); }; };
		BF2A00062F040000006A071E /* UserNotifications.framework in Frameworks */ = {isa = PBXBuildFile; fileRef = BF2A00022F040000006A071E /* UserNotifications.framework */; };
		BF2A00072F040000006A071E /* WidgetKit.framework in Frameworks */ = {isa = PBXBuildFile; fileRef = BF1E982E2F037251006A071E /* WidgetKit.framework */; };
		BF2A00082F040000006A071E /* NotificationServiceExtension.appex in Embed Foundation Extensions */ = {isa = PBXBuildFile; fileRef = BF2A00012F040000006A071E /* NotificationServiceExtension.appex */; settings = {ATTRIBUTES = (RemoveHeadersOnCopy, ); }; };
/* End PBXBuildFile section */

/* Begin PBXContainerItemProxy section */
		BF1E983E2F037253006A071E /* PBXContainerItemProxy */ = {
			isa = PBXContainerItemProxy;
			containerPortal = BF1E97AF2EFFA60E006A071E /* Project object */;
			proxyType = 1;
			remoteGlobalIDString = BF1E982C2F037251006A071E;
			remoteInfo = SquibbleWidgetExtension;
		};
		BF2A00092F040000006A071E /* PBXContainerItemProxy */ = {
			isa = PBXContainerItemProxy;
			containerPortal = BF1E97AF2EFFA60E006A071E /* Project object */;
			proxyType = 1;
			remoteGlobalIDString = BF2A000E2F040000006A071E;
			remoteInfo = NotificationServiceExtension;
		};
/* End PBXContainerItemProxy section */

/* Begin PBXCopyFilesBuildPhase section */
		BF1E98452F037253006A071E /* Embed Foundation Extensions */ = {
			isa = PBXCopyFilesBuildPhase;
			buildActionMask = 2147483647;
			dstPath = "";
			dstSubfolderSpec = 13;
			files = (
				BF1E98402F037253006A071E /* SquibbleWidgetExtension.appex in Embed Foundation Extensions */,
				BF2A00082F040000006A071E /* NotificationServiceExtension.appex in Embed Foundation Extensions */,
			);
			name = "Embed Foundation Extensions";
			runOnlyForDeploymentPostprocessing = 0;
		};
/* End PBXCopyFilesBuildPhase section */

/* Begin PBXFileReference section */
		BF1E97B72EFFA60E006A071E /* Squibble Dev.app */ = {isa = PBXFileReference; explicitFileType = wrapper.application; includeInIndex = 0; path = "Squibble Dev.app"; sourceTree = BUILT_PRODUCTS_DIR; };
		BF1E982D2F037251006A071E /* SquibbleWidgetExtension.appex */ = {isa = PBXFileReference; explicitFileType = "wrapper.app-extension"; includeInIndex = 0; path = SquibbleWidgetExtension.appex; sourceTree = BUILT_PRODUCTS_DIR; };
		BF1E982E2F037251006A071E /* WidgetKit.framework */ = {isa = PBXFileReference; lastKnownFileType = wrapper.framework; name = WidgetKit.framework; path = System/Library/Frameworks/WidgetKit.framework; sourceTree = SDKROOT; };
		BF1E98302F037251006A071E /* SwiftUI.framework */ = {isa = PBXFileReference; lastKnownFileType = wrapper.framework; name = SwiftUI.framework; path = System/Library/Frameworks/SwiftUI.framework; sourceTree = SDKROOT; };
		BF1E98482F037433006A071E /* SquibbleWidgetExtension.entitlements */ = {isa = PBXFileReference; lastKnownFileType = text.plist.entitlements; path = SquibbleWidgetExtension.entitlements; sourceTree = "<group>"; };
		BF2A00012F040000006A071E /* NotificationServiceExtension.appex */ = {isa = PBXFileReference; explicitFileType = "wrapper.app-extension"; includeInIndex = 0; path = NotificationServiceExtension.appex; sourceTree = BUILT_PRODUCTS_DIR; };
		BF2A00022F040000006A071E /* UserNotifications.framework */ = {isa = PBXFileReference; lastKnownFileType = wrapper.framework; name = UserNotifications.framework; path = System/Library/Frameworks/UserNotifications.framework; sourceTree = SDKROOT; };
		BF2A00032F040000006A071E /* NotificationServiceExtension.entitlements */ = {isa = PBXFileReference; lastKnownFileType = text.plist.entitlements; path = NotificationServiceExtension.entitlements; sourceTree = "<group>"; };
/* End PBXFileReference section */

/* Begin PBXFileSystemSynchronizedBuildFileExceptionSet section */
		BF1E98082F00FB16006A071E /* Exceptions for "squibble" folder in "Squibble" target */ = {
			isa = PBXFileSystemSynchronizedBuildFileExceptionSet;
			membershipExceptions = (
				Info.plist,
			);
			target = BF1E97B62EFFA60E006A071E /* Squibble */;
		};
		BF1E98442F037253006A071E /* Exceptions for "SquibbleWidget" folder in "SquibbleWidgetExtension" target */ = {
			isa = PBXFileSystemSynchronizedBuildFileExceptionSet;
			membershipExceptions = (
				Info.plist,
			);
			target = BF1E982C2F037251006A071E /* SquibbleWidgetExtension */;
		};
		BF2A00052F040000006A071E /* Exceptions for "NotificationService" folder in "NotificationServiceExtension" target */ = {
			isa = PBXFileSystemSynchronizedBuildFileExceptionSet;
			membershipExceptions = (
				Info.plist,
			);
			target = BF2A000E2F040000006A071E /* NotificationServiceExtension */;
		};
/* End PBXFileSystemSynchronizedBuildFileExceptionSet section */

/* Begin PBXFileSystemSynchronizedRootGroup section */
		BF1E97B92EFFA60E006A071E /* squibble */ = {
			isa = PBXFileSystemSynchronizedRootGroup;
			exceptions = (
				BF1E98082F00FB16006A071E /* Exceptions for "squibble" folder in "Squibble" target */,
			);
			path = squibble;
			sourceTree = "<group>";
		};
		BF1E98322F037251006A071E /* SquibbleWidget */ = {
			isa = PBXFileSystemSynchronizedRootGroup;
			exceptions = (
				BF1E98442F037253006A071E /* Exceptions for "SquibbleWidget" folder in "SquibbleWidgetExtension" target */,
			);
			path = SquibbleWidget;
			sourceTree = "<group>";
		};
		BF2A00042F040000006A071E /* NotificationService */ = {
			isa = PBXFileSystemSynchronizedRootGroup;
			exceptions = (
				BF2A00052F040000006A071E /* Exceptions for "NotificationService" folder in "NotificationServiceExtension" target */,
			);
			path = NotificationService;
			sourceTree = "<group>";
		};
/* End PBXFileSystemSynchronizedRootGroup section */

/* Begin PBXFrameworksBuildPhase section */
		BF1E97B42EFFA60E006A071E /* Frameworks */ = {
			isa = PBXFrameworksBuildPhase;
			buildActionMask = 2147483647;
			files = (
				BF1E97DD2F00C164006A071E /* PostgREST in Frameworks */,
				BF1E97DB2F00C164006A071E /* Functions in Frameworks */,
				BF1E97E62F00C19C006A071E /* GoogleSignInSwift in Frameworks */,
				BF1E97D92F00C164006A071E /* Auth in Frameworks */,
				BF1E97E92F00C1C6006A071E /* GoogleMobileAds in Frameworks */,
				BF1E980B2F00FD96006A071E /* Supabase in Frameworks */,
				BF1E97E12F00C164006A071E /* Storage in Frameworks */,
				BF1E97DF2F00C164006A071E /* Realtime in Frameworks */,
				BF1E97E42F00C19C006A071E /* GoogleSignIn in Frameworks */,
			);
			runOnlyForDeploymentPostprocessing = 0;
		};
		BF1E982A2F037251006A071E /* Frameworks */ = {
			isa = PBXFrameworksBuildPhase;
			buildActionMask = 2147483647;
			files = (
				BF1E98312F037251006A071E /* SwiftUI.framework in Frameworks */,
				BF1E982F2F037251006A071E /* WidgetKit.framework in Frameworks */,
			);
			runOnlyForDeploymentPostprocessing = 0;
		};
		BF2A000C2F040000006A071E /* Frameworks */ = {
			isa = PBXFrameworksBuildPhase;
			buildActionMask = 2147483647;
			files = (
				BF2A00062F040000006A071E /* UserNotifications.framework in Frameworks */,
				BF2A00072F040000006A071E /* WidgetKit.framework in Frameworks */,
			);
			runOnlyForDeploymentPostprocessing = 0;
		};
/* End PBXFrameworksBuildPhase section */

/* Begin PBXGroup section */
		BF1E97AE2EFFA60E006A071E = {
			isa = PBXGroup;
			children = (
				BF1E98482F037433006A071E /* SquibbleWidgetExtension.entitlements */,
				BF2A00032F040000006A071E /* NotificationServiceExtension.entitlements */,
				BF1E97B92EFFA60E006A071E /* squibble */,
				BF1E98322F037251006A071E /* SquibbleWidget */,
				BF2A00042F040000006A071E /* NotificationService */,
				BF1E98092F00FD96006A071E /* Frameworks */,
				BF1E97B82EFFA60E006A071E /* Products */,
			);
			sourceTree = "<group>";
		};
		BF1E97B82EFFA60E006A071E /* Products */ = {
			isa = PBXGroup;
			children = (
				BF1E97B72EFFA60E006A071E /* Squibble Dev.app */,
				BF1E982D2F037251006A071E /* SquibbleWidgetExtension.appex */,
				BF2A00012F040000006A071E /* NotificationServiceExtension.appex */,
			);
			name = Products;
			sourceTree = "<group>";
		};
		BF1E98092F00FD96006A071E /* Frameworks */ = {
			isa = PBXGroup;
			children = (
				BF1E982E2F037251006A071E /* WidgetKit.framework */,
				BF1E98302F037251006A071E /* SwiftUI.framework */,
				BF2A00022F040000006A071E /* UserNotifications.framework */,
			);
			name = Frameworks;
			sourceTree = "<group>";
		};
/* End PBXGroup section */

/* Begin PBXNativeTarget section */
		BF1E97B62EFFA60E006A071E /* Squibble */ = {
			isa = PBXNativeTarget;
			buildConfigurationList = BF1E97C22EFFA60F006A071E /* Build configuration list for PBXNativeTarget "Squibble" */;
			buildPhases = (
				BF1E97B32EFFA60E006A071E /* Sources */,
				BF1E97B42EFFA60E006A071E /* Frameworks */,
				BF1E97B52EFFA60E006A071E /* Resources */,
				BF1E98452F037253006A071E /* Embed Foundation Extensions */,
			);
			buildRules = (
			);
			dependencies = (
				BF1E983F2F037253006A071E /* PBXTargetDependency */,
				BF2A000A2F040000006A071E /* PBXTargetDependency */,
			);
			fileSystemSynchronizedGroups = (
				BF1E97B92EFFA60E006A071E /* squibble */,
			);
			name = Squibble;
			packageProductDependencies = (
				BF1E97D82F00C164006A071E /* Auth */,
				BF1E97DA2F00C164006A071E /* Functions */,
				BF1E97DC2F00C164006A071E /* PostgREST */,
				BF1E97DE2F00C164006A071E /* Realtime */,
				BF1E97E02F00C164006A071E /* Storage */,
				BF1E97E32F00C19C006A071E /* GoogleSignIn */,
				BF1E97E52F00C19C006A071E /* GoogleSignInSwift */,
				BF1E97E82F00C1C6006A071E /* GoogleMobileAds */,
				BF1E980A2F00FD96006A071E /* Supabase */,
			);
			productName = squibble;
			productReference = BF1E97B72EFFA60E006A071E /* Squibble Dev.app */;
			productType = "com.apple.product-type.application";
		};
		BF1E982C2F037251006A071E /* SquibbleWidgetExtension */ = {
			isa = PBXNativeTarget;
			buildConfigurationList = BF1E98412F037253006A071E /* Build configuration list for PBXNativeTarget "SquibbleWidgetExtension" */;
			buildPhases = (
				BF1E98292F037251006A071E /* Sources */,
				BF1E982A2F037251006A071E /* Frameworks */,
				BF1E982B2F037251006A071E /* Resources */,
			);
			buildRules = (
			);
			dependencies = (
			);
			fileSystemSynchronizedGroups = (
				BF1E98322F037251006A071E /* SquibbleWidget */,
			);
			name = SquibbleWidgetExtension;
			packageProductDependencies = (
			);
			productName = SquibbleWidgetExtension;
			productReference = BF1E982D2F037251006A071E /* SquibbleWidgetExtension.appex */;
			productType = "com.apple.product-type.app-extension";
		};
		BF2A000E2F040000006A071E /* NotificationServiceExtension */ = {
			isa = PBXNativeTarget;
			buildConfigurationList = BF2A00112F040000006A071E /* Build configuration list for PBXNativeTarget "NotificationServiceExtension" */;
			buildPhases = (
				BF2A000B2F040000006A071E /* Sources */,
				BF2A000C2F040000006A071E /* Frameworks */,
				BF2A000D2F040000006A071E /* Resources */,
			);
			buildRules = (
			);
			dependencies = (
			);
			fileSystemSynchronizedGroups = (
				BF2A00042F040000006A071E /* NotificationService */,
			);
			name = NotificationServiceExtension;
			packageProductDependencies = (
			);
			productName = NotificationServiceExtension;
			productReference = BF2A00012F040000006A071E /* NotificationServiceExtension.appex */;
			productType = "com.apple.product-type.app-extension";
		};
/* End PBXNativeTarget section */

/* Begin PBXProject section */
		BF1E97AF2EFFA60E006A071E /* Project object */ = {
			isa = PBXProject;
			attributes = {
				BuildIndependentTargetsInParallel = 1;
				LastSwiftUpdateCheck = 2620;
				LastUpgradeCheck = 2620;
				TargetAttributes = {
					BF1E97B62EFFA60E006A071E = {
						CreatedOnToolsVersion = 26.2;
					};
					BF1E982C2F037251006A071E = {
						CreatedOnToolsVersion = 26.2;
					};
					BF2A000E2F040000006A071E = {
						CreatedOnToolsVersion = 26.2;
					};
				};
			};
			buildConfigurationList = BF1E97B22EFFA60E006A071E /* Build configuration list for PBXProject "Squibble" */;
			developmentRegion = en;
			hasScannedForEncodings = 0;
			knownRegions = (
				en,
				Base,
			);
			mainGroup = BF1E97AE2EFFA60E006A071E;
			minimizedProjectReferenceProxies = 1;
			packageReferences = (
				BF1E97D72F00C164006A071E /* XCRemoteSwiftPackageReference "supabase-swift" */,
				BF1E97E22F00C19C006A071E /* XCRemoteSwiftPackageReference "GoogleSignIn-iOS" */,
				BF1E97E72F00C1C6006A071E /* XCRemoteSwiftPackageReference "swift-package-manager-google-mobile-ads" */,
			);
			preferredProjectObjectVersion = 77;
			productRefGroup = BF1E97B82EFFA60E006A071E /* Products */;
			projectDirPath = "";
			projectRoot = "";
			targets = (
				BF1E97B62EFFA60E006A071E /* Squibble */,
				BF1E982C2F037251006A071E /* SquibbleWidgetExtension */,
				BF2A000E2F040000006A071E /* NotificationServiceExtension */,
			);
		};
/* End PBXProject section */

/* Begin PBXResourcesBuildPhase section */
		BF1E97B52EFFA60E006A071E /* Resources */ = {
			isa = PBXResourcesBuildPhase;
			buildActionMask = 2147483647;
			files = (
			);
			runOnlyForDeploymentPostprocessing = 0;
		};
		BF1E982B2F037251006A071E /* Resources */ = {
			isa = PBXResourcesBuildPhase;
			buildActionMask = 2147483647;
			files = (
			);
			runOnlyForDeploymentPostprocessing = 0;
		};
		BF2A000D2F040000006A071E /* Resources */ = {
			isa = PBXResourcesBuildPhase;
			buildActionMask = 2147483647;
			files = (
			);
			runOnlyForDeploymentPostprocessing = 0;
		};
/* End PBXResourcesBuildPhase section */

/* Begin PBXSourcesBuildPhase section */
		BF1E97B32EFFA60E006A071E /* Sources */ = {
			isa = PBXSourcesBuildPhase;
			buildActionMask = 2147483647;
			files = (
			);
			runOnlyForDeploymentPostprocessing = 0;
		};
		BF1E98292F037251006A071E /* Sources */ = {
			isa = PBXSourcesBuildPhase;
			buildActionMask = 2147483647;
			files = (
			);
			runOnlyForDeploymentPostprocessing = 0;
		};
		BF2A000B2F040000006A071E /* Sources */ = {
			isa = PBXSourcesBuildPhase;
			buildActionMask = 2147483647;
			files = (
			);
			runOnlyForDeploymentPostprocessing = 0;
		};
/* End PBXSourcesBuildPhase section */

/* Begin PBXTargetDependency section */
		BF1E983F2F037253006A071E /* PBXTargetDependency */ = {
			isa = PBXTargetDependency;
			target = BF1E982C2F037251006A071E /* SquibbleWidgetExtension */;
			targetProxy = BF1E983E2F037253006A071E /* PBXContainerItemProxy */;
		};
		BF2A000A2F040000006A071E /* PBXTargetDependency */ = {
			isa = PBXTargetDependency;
			target = BF2A000E2F040000006A071E /* NotificationServiceExtension */;
			targetProxy = BF2A00092F040000006A071E /* PBXContainerItemProxy */;
		};
/* End PBXTargetDependency section */

/* Begin XCBuildConfiguration section */
		BF1E97C02EFFA60F006A071E /* Debug */ = {
			isa = XCBuildConfiguration;
			buildSettings = {
				ALWAYS_SEARCH_USER_PATHS = NO;
				ASSETCATALOG_COMPILER_GENERATE_SWIFT_ASSET_SYMBOL_EXTENSIONS = YES;
				CLANG_ANALYZER_NONNULL = YES;
				CLANG_ANALYZER_NUMBER_OBJECT_CONVERSION = YES_AGGRESSIVE;
				CLANG_CXX_LANGUAGE_STANDARD = "gnu++20";
				CLANG_ENABLE_MODULES = YES;
				CLANG_ENABLE_OBJC_ARC = YES;
				CLANG_ENABLE_OBJC_WEAK = YES;
				CLANG_WARN_BLOCK_CAPTURE_AUTORELEASING = YES;
				CLANG_WARN_BOOL_CONVERSION = YES;
				CLANG_WARN_COMMA = YES;
				CLANG_WARN_CONSTANT_CONVERSION = YES;
				CLANG_WARN_DEPRECATED_OBJC_IMPLEMENTATIONS = YES;
				CLANG_WARN_DIRECT_OBJC_ISA_USAGE = YES_ERROR;
				CLANG_WARN_DOCUMENTATION_COMMENTS = YES;
				CLANG_WARN_EMPTY_BODY = YES;
				CLANG_WARN_ENUM_CONVERSION = YES;
				CLANG_WARN_INFINITE_RECURSION = YES;
				CLANG_WARN_INT_CONVERSION = YES;
				CLANG_WARN_NON_LITERAL_NULL_CONVERSION = YES;
				CLANG_WARN_OBJC_IMPLICIT_RETAIN_SELF = YES;
				CLANG_WARN_OBJC_LITERAL_CONVERSION = YES;
				CLANG_WARN_OBJC_ROOT_CLASS = YES_ERROR;
				CLANG_WARN_QUOTED_INCLUDE_IN_FRAMEWORK_HEADER = YES;
				CLANG_WARN_RANGE_LOOP_ANALYSIS = YES;
				CLANG_WARN_STRICT_PROTOTYPES = YES;
				CLANG_WARN_SUSPICIOUS_MOVE = YES;
				CLANG_WARN_UNGUARDED_AVAILABILITY = YES_AGGRESSIVE;
				CLANG_WARN_UNREACHABLE_CODE = YES;
				CLANG_WARN__DUPLICATE_METHOD_MATCH = YES;
				COPY_PHASE_STRIP = NO;
				DEBUG_INFORMATION_FORMAT = dwarf;
				ENABLE_STRICT_OBJC_MSGSEND = YES;
				ENABLE_TESTABILITY = YES;
				ENABLE_USER_SCRIPT_SANDBOXING = YES;
				GCC_C_LANGUAGE_STANDARD = gnu17;
				GCC_DYNAMIC_NO_PIC = NO;
				GCC_NO_COMMON_BLOCKS = YES;
				GCC_OPTIMIZATION_LEVEL = 0;
				GCC_PREPROCESSOR_DEFINITIONS = (
					"DEBUG=1",
					"$(inherited)",
				);
				GCC_WARN_64_TO_32_BIT_CONVERSION = YES;
				GCC_WARN_ABOUT_RETURN_TYPE = YES_ERROR;
				GCC_WARN_UNDECLARED_SELECTOR = YES;
				GCC_WARN_UNINITIALIZED_AUTOS = YES_AGGRESSIVE;
				GCC_WARN_UNUSED_FUNCTION = YES;
				GCC_WARN_UNUSED_VARIABLE = YES;
				IPHONEOS_DEPLOYMENT_TARGET = 16.6;
				LOCALIZATION_PREFERS_STRING_CATALOGS = YES;
				MTL_ENABLE_DEBUG_INFO = INCLUDE_SOURCE;
				MTL_FAST_MATH = YES;
				ONLY_ACTIVE_ARCH = YES;
				SDKROOT = iphoneos;
				SWIFT_ACTIVE_COMPILATION_CONDITIONS = "DEBUG $(inherited)";
				SWIFT_OPTIMIZATION_LEVEL = "-Onone";
			};
			name = Debug;
		};
		BF1E97C12EFFA60F006A071E /* Release */ = {
			isa = XCBuildConfiguration;
			buildSettings = {
				ALWAYS_SEARCH_USER_PATHS = NO;
				ASSETCATALOG_COMPILER_GENERATE_SWIFT_ASSET_SYMBOL_EXTENSIONS = YES;
				CLANG_ANALYZER_NONNULL = YES;
				CLANG_ANALYZER_NUMBER_OBJECT_CONVERSION = YES_AGGRESSIVE;
				CLANG_CXX_LANGUAGE_STANDARD = "gnu++20";
				CLANG_ENABLE_MODULES = YES;
				CLANG_ENABLE_OBJC_ARC = YES;
				CLANG_ENABLE_OBJC_WEAK = YES;
				CLANG_WARN_BLOCK_CAPTURE_AUTORELEASING = YES;
				CLANG_WARN_BOOL_CONVERSION = YES;
				CLANG_WARN_COMMA = YES;
				CLANG_WARN_CONSTANT_CONVERSION = YES;
				CLANG_WARN_DEPRECATED_OBJC_IMPLEMENTATIONS = YES;
				CLANG_WARN_DIRECT_OBJC_ISA_USAGE = YES_ERROR;
				CLANG_WARN_DOCUMENTATION_COMMENTS = YES;
				CLANG_WARN_EMPTY_BODY = YES;
				CLANG_WARN_ENUM_CONVERSION = YES;
				CLANG_WARN_INFINITE_RECURSION = YES;
				CLANG_WARN_INT_CONVERSION = YES;
				CLANG_WARN_NON_LITERAL_NULL_CONVERSION = YES;
				CLANG_WARN_OBJC_IMPLICIT_RETAIN_SELF = YES;
				CLANG_WARN_OBJC_LITERAL_CONVERSION = YES;
				CLANG_WARN_OBJC_ROOT_CLASS = YES_ERROR;
				CLANG_WARN_QUOTED_INCLUDE_IN_FRAMEWORK_HEADER = YES;
				CLANG_WARN_RANGE_LOOP_ANALYSIS = YES;
				CLANG_WARN_STRICT_PROTOTYPES = YES;
				CLANG_WARN_SUSPICIOUS_MOVE = YES;
				CLANG_WARN_UNGUARDED_AVAILABILITY = YES_AGGRESSIVE;
				CLANG_WARN_UNREACHABLE_CODE = YES;
				CLANG_WARN__DUPLICATE_METHOD_MATCH = YES;
				COPY_PHASE_STRIP = NO;
				DEBUG_INFORMATION_FORMAT = "dwarf-with-dsym";
				ENABLE_NS_ASSERTIONS = NO;
				ENABLE_STRICT_OBJC_MSGSEND = YES;
				ENABLE_USER_SCRIPT_SANDBOXING = YES;
				GCC_C_LANGUAGE_STANDARD = gnu17;
				GCC_NO_COMMON_BLOCKS = YES;
				GCC_WARN_64_TO_32_BIT_CONVERSION = YES;
				GCC_WARN_ABOUT_RETURN_TYPE = YES_ERROR;
				GCC_WARN_UNDECLARED_SELECTOR = YES;
				GCC_WARN_UNINITIALIZED_AUTOS = YES_AGGRESSIVE;
				GCC_WARN_UNUSED_FUNCTION = YES;
				GCC_WARN_UNUSED_VARIABLE = YES;
				IPHONEOS_DEPLOYMENT_TARGET = 16.6;
				LOCALIZATION_PREFERS_STRING_CATALOGS = YES;
				MTL_ENABLE_DEBUG_INFO = NO;
				MTL_FAST_MATH = YES;
				SDKROOT = iphoneos;
				SWIFT_COMPILATION_MODE = wholemodule;
				VALIDATE_PRODUCT = YES;
			};
			name = Release;
		};
		BF1E97C32EFFA60F006A071E /* Debug */ = {
			isa = XCBuildConfiguration;
			buildSettings = {
				ASSETCATALOG_COMPILER_APPICON_NAME = AppIcon;
				ASSETCATALOG_COMPILER_GLOBAL_ACCENT_COLOR_NAME = AccentColor;
				CODE_SIGN_ENTITLEMENTS = squibble/squibble.entitlements;
				CODE_SIGN_STYLE = Automatic;
				CURRENT_PROJECT_VERSION = 4;
				DEVELOPMENT_TEAM = DU3GMYJ99W;
				ENABLE_PREVIEWS = YES;
				GENERATE_INFOPLIST_FILE = NO;
				INFOPLIST_FILE = squibble/Info.plist;
				INFOPLIST_KEY_CFBundleDisplayName = Squibble;
				INFOPLIST_KEY_LSApplicationCategoryType = "public.app-category.entertainment";
				INFOPLIST_KEY_UIApplicationSceneManifest_Generation = YES;
				INFOPLIST_KEY_UIApplicationSupportsIndirectInputEvents = YES;
				INFOPLIST_KEY_UILaunchScreen_Generation = YES;
				INFOPLIST_KEY_UISupportedInterfaceOrientations_iPad = "UIInterfaceOrientationPortrait UIInterfaceOrientationPortraitUpsideDown UIInterfaceOrientationLandscapeLeft UIInterfaceOrientationLandscapeRight";
				INFOPLIST_KEY_UISupportedInterfaceOrientations_iPhone = "UIInterfaceOrientationPortrait UIInterfaceOrientationLandscapeLeft UIInterfaceOrientationLandscapeRight";
				IPHONEOS_DEPLOYMENT_TARGET = 16.6;
				LD_RUNPATH_SEARCH_PATHS = (
					"$(inherited)",
					"@executable_path/Frameworks",
				);
				MARKETING_VERSION = 1.0.2;
				PRODUCT_BUNDLE_IDENTIFIER = mehulpandey.squibble;
				PRODUCT_NAME = "$(TARGET_NAME) Dev";
				STRING_CATALOG_GENERATE_SYMBOLS = YES;
				SUPPORTED_PLATFORMS = "iphoneos iphonesimulator";
				SUPPORTS_MACCATALYST = NO;
				SUPPORTS_MAC_DESIGNED_FOR_IPHONE_IPAD = NO;
				SUPPORTS_XR_DESIGNED_FOR_IPHONE_IPAD = NO;
				SWIFT_APPROACHABLE_CONCURRENCY = YES;
				SWIFT_DEFAULT_ACTOR_ISOLATION = MainActor;
				SWIFT_EMIT_LOC_STRINGS = YES;
				SWIFT_UPCOMING_FEATURE_MEMBER_IMPORT_VISIBILITY = YES;
				SWIFT_VERSION = 5.0;
				TARGETED_DEVICE_FAMILY = 1;
			};
			name = Debug;
		};
		BF1E97C42EFFA60F006A071E /* Release */ = {
			isa = XCBuildConfiguration;
			buildSettings = {
				ASSETCATALOG_COMPILER_APPICON_NAME = AppIcon;
				ASSETCATALOG_COMPILER_GLOBAL_ACCENT_COLOR_NAME = AccentColor;
				CODE_SIGN_ENTITLEMENTS = squibble/squibble.entitlements;
				CODE_SIGN_STYLE = Automatic;
				CURRENT_PROJECT_VERSION = 4;
				DEVELOPMENT_TEAM = DU3GMYJ99W;
				ENABLE_PREVIEWS = YES;
				GENERATE_INFOPLIST_FILE = NO;
				INFOPLIST_FILE = squibble/Info.plist;
				INFOPLIST_KEY_CFBundleDisplayName = Squibble;
				INFOPLIST_KEY_LSApplicationCategoryType = "public.app-category.entertainment";
				INFOPLIST_KEY_UIApplicationSceneManifest_Generation = YES;
				INFOPLIST_KEY_UIApplicationSupportsIndirectInputEvents = YES;
				INFOPLIST_KEY_UILaunchScreen_Generation = YES;
				INFOPLIST_KEY_UISupportedInterfaceOrientations_iPad = "UIInterfaceOrientationPortrait UIInterfaceOrientationPortraitUpsideDown UIInterfaceOrientationLandscapeLeft UIInterfaceOrientationLandscapeRight";
				INFOPLIST_KEY_UISupportedInterfaceOrientations_iPhone = "UIInterfaceOrientationPortrait UIInterfaceOrientationLandscapeLeft UIInterfaceOrientationLandscapeRight";
				IPHONEOS_DEPLOYMENT_TARGET = 16.6;
				LD_RUNPATH_SEARCH_PATHS = (
					"$(inherited)",
					"@executable_path/Frameworks",
				);
				MARKETING_VERSION = 1.0.2;
				PRODUCT_BUNDLE_IDENTIFIER = mehulpandey.squibble;
				PRODUCT_NAME = "$(TARGET_NAME)";
				STRING_CATALOG_GENERATE_SYMBOLS = YES;
				SUPPORTED_PLATFORMS = "iphoneos iphonesimulator";
				SUPPORTS_MACCATALYST = NO;
				SUPPORTS_MAC_DESIGNED_FOR_IPHONE_IPAD = NO;
				SUPPORTS_XR_DESIGNED_FOR_IPHONE_IPAD = NO;
				SWIFT_APPROACHABLE_CONCURRENCY = YES;
				SWIFT_DEFAULT_ACTOR_ISOLATION = MainActor;
				SWIFT_EMIT_LOC_STRINGS = YES;
				SWIFT_UPCOMING_FEATURE_MEMBER_IMPORT_VISIBILITY = YES;
				SWIFT_VERSION = 5.0;
				TARGETED_DEVICE_FAMILY = 1;
			};
			name = Release;
		};
		BF1E98422F037253006A071E /* Debug */ = {
			isa = XCBuildConfiguration;
			buildSettings = {
				ASSETCATALOG_COMPILER_GLOBAL_ACCENT_COLOR_NAME = AccentColor;
				ASSETCATALOG_COMPILER_WIDGET_BACKGROUND_COLOR_NAME = WidgetBackground;
				CODE_SIGN_ENTITLEMENTS = SquibbleWidgetExtension.entitlements;
				CODE_SIGN_IDENTITY = "Apple Development";
				CODE_SIGN_STYLE = Automatic;
				CURRENT_PROJECT_VERSION = 4;
				DEVELOPMENT_TEAM = DU3GMYJ99W;
				GENERATE_INFOPLIST_FILE = YES;
				INFOPLIST_FILE = SquibbleWidget/Info.plist;
				INFOPLIST_KEY_CFBundleDisplayName = Squibble;
				INFOPLIST_KEY_NSHumanReadableCopyright = "";
				IPHONEOS_DEPLOYMENT_TARGET = 16.6;
				LD_RUNPATH_SEARCH_PATHS = (
					"$(inherited)",
					"@executable_path/Frameworks",
					"@executable_path/../../Frameworks",
				);
				MARKETING_VERSION = 1.0.2;
				PRODUCT_BUNDLE_IDENTIFIER = mehulpandey.squibble.SquibbleWidget;
				PRODUCT_NAME = "$(TARGET_NAME)";
				PROVISIONING_PROFILE_SPECIFIER = "";
				SKIP_INSTALL = YES;
				STRING_CATALOG_GENERATE_SYMBOLS = YES;
				SUPPORTED_PLATFORMS = "iphoneos iphonesimulator";
				SUPPORTS_MACCATALYST = NO;
				SUPPORTS_MAC_DESIGNED_FOR_IPHONE_IPAD = NO;
				SUPPORTS_XR_DESIGNED_FOR_IPHONE_IPAD = NO;
				SWIFT_APPROACHABLE_CONCURRENCY = YES;
				SWIFT_EMIT_LOC_STRINGS = YES;
				SWIFT_UPCOMING_FEATURE_MEMBER_IMPORT_VISIBILITY = YES;
				SWIFT_VERSION = 5.0;
				TARGETED_DEVICE_FAMILY = 1;
			};
			name = Debug;
		};
		BF1E98432F037253006A071E /* Release */ = {
			isa = XCBuildConfiguration;
			buildSettings = {
				ASSETCATALOG_COMPILER_GLOBAL_ACCENT_COLOR_NAME = AccentColor;
				ASSETCATALOG_COMPILER_WIDGET_BACKGROUND_COLOR_NAME = WidgetBackground;
				CODE_SIGN_ENTITLEMENTS = SquibbleWidgetExtension.entitlements;
				CODE_SIGN_IDENTITY = "Apple Development";
				CODE_SIGN_STYLE = Automatic;
				CURRENT_PROJECT_VERSION = 4;
				DEVELOPMENT_TEAM = DU3GMYJ99W;
				GENERATE_INFOPLIST_FILE = YES;
				INFOPLIST_FILE = SquibbleWidget/Info.plist;
				INFOPLIST_KEY_CFBundleDisplayName = Squibble;
				INFOPLIST_KEY_NSHumanReadableCopyright = "";
				IPHONEOS_DEPLOYMENT_TARGET = 16.6;
				LD_RUNPATH_SEARCH_PATHS = (
					"$(inherited)",
					"@executable_path/Frameworks",
					"@executable_path/../../Frameworks",
				);
				MARKETING_VERSION = 1.0.2;
				PRODUCT_BUNDLE_IDENTIFIER = mehulpandey.squibble.SquibbleWidget;
				PRODUCT_NAME = "$(TARGET_NAME)";
				PROVISIONING_PROFILE_SPECIFIER = "";
				SKIP_INSTALL = YES;
				STRING_CATALOG_GENERATE_SYMBOLS = YES;
				SUPPORTED_PLATFORMS = "iphoneos iphonesimulator";
				SUPPORTS_MACCATALYST = NO;
				SUPPORTS_MAC_DESIGNED_FOR_IPHONE_IPAD = NO;
				SUPPORTS_XR_DESIGNED_FOR_IPHONE_IPAD = NO;
				SWIFT_APPROACHABLE_CONCURRENCY = YES;
				SWIFT_EMIT_LOC_STRINGS = YES;
				SWIFT_UPCOMING_FEATURE_MEMBER_IMPORT_VISIBILITY = YES;
				SWIFT_VERSION = 5.0;
				TARGETED_DEVICE_FAMILY = 1;
			};
			name = Release;
		};
		BF2A000F2F040000006A071E /* Debug */ = {
			isa = XCBuildConfiguration;
			buildSettings = {
				CODE_SIGN_ENTITLEMENTS = NotificationServiceExtension.entitlements;
				CODE_SIGN_IDENTITY = "Apple Development";
				CODE_SIGN_STYLE = Automatic;
				CURRENT_PROJECT_VERSION = 4;
				DEVELOPMENT_TEAM = DU3GMYJ99W;
				GENERATE_INFOPLIST_FILE = YES;
				INFOPLIST_FILE = NotificationService/Info.plist;
				INFOPLIST_KEY_CFBundleDisplayName = NotificationService;
				INFOPLIST_KEY_NSHumanReadableCopyright = "";
				IPHONEOS_DEPLOYMENT_TARGET = 16.6;
				LD_RUNPATH_SEARCH_PATHS = (
					"$(inherited)",
					"@executable_path/Frameworks",
					"@executable_path/../../Frameworks",
				);
				MARKETING_VERSION = 1.0.2;
				PRODUCT_BUNDLE_IDENTIFIER = mehulpandey.squibble.NotificationService;
				PRODUCT_NAME = "$(TARGET_NAME)";
				PROVISIONING_PROFILE_SPECIFIER = "";
				SKIP_INSTALL = YES;
				SUPPORTED_PLATFORMS = "iphoneos iphonesimulator";
				SUPPORTS_MACCATALYST = NO;
				SUPPORTS_MAC_DESIGNED_FOR_IPHONE_IPAD = NO;
				SUPPORTS_XR_DESIGNED_FOR_IPHONE_IPAD = NO;
				SWIFT_APPROACHABLE_CONCURRENCY = YES;
				SWIFT_EMIT_LOC_STRINGS = YES;
				SWIFT_UPCOMING_FEATURE_MEMBER_IMPORT_VISIBILITY = YES;
				SWIFT_VERSION = 5.0;
				TARGETED_DEVICE_FAMILY = 1;
			};
			name = Debug;
		};
		BF2A00102F040000006A071E /* Release */ = {
			isa = XCBuildConfiguration;
			buildSettings = {
				CODE_SIGN_ENTITLEMENTS = NotificationServiceExtension.entitlements;
				CODE_SIGN_IDENTITY = "Apple Development";
				CODE_SIGN_STYLE = Automatic;
				CURRENT_PROJECT_VERSION = 4;
				DEVELOPMENT_TEAM = DU3GMYJ99W;
				GENERATE_INFOPLIST_FILE = YES;
				INFOPLIST_FILE = NotificationService/Info.plist;
				INFOPLIST_KEY_CFBundleDisplayName = NotificationService;
				INFOPLIST_KEY_NSHumanReadableCopyright = "";
				IPHONEOS_DEPLOYMENT_TARGET = 16.6;
				LD_RUNPATH_SEARCH_PATHS = (
					"$(inherited)",
					"@executable_path/Frameworks",
					"@executable_path/../../Frameworks",
				);
				MARKETING_VERSION = 1.0.2;
				PRODUCT_BUNDLE_IDENTIFIER = mehulpandey.squibble.NotificationService;
				PRODUCT_NAME = "$(TARGET_NAME)";
				PROVISIONING_PROFILE_SPECIFIER = "";
				SKIP_INSTALL = YES;
				SUPPORTED_PLATFORMS = "iphoneos iphonesimulator";
				SUPPORTS_MACCATALYST = NO;
				SUPPORTS_MAC_DESIGNED_FOR_IPHONE_IPAD = NO;
				SUPPORTS_XR_DESIGNED_FOR_IPHONE_IPAD = NO;
				SWIFT_APPROACHABLE_CONCURRENCY = YES;
				SWIFT_EMIT_LOC_STRINGS = YES;
				SWIFT_UPCOMING_FEATURE_MEMBER_IMPORT_VISIBILITY = YES;
				SWIFT_VERSION = 5.0;
				TARGETED_DEVICE_FAMILY = 1;
			};
			name = Release;
		};
/* End XCBuildConfiguration section */

/* Begin XCConfigurationList section */
		BF1E97B22EFFA60E006A071E /* Build configuration list for PBXProject "Squibble" */ = {
			isa = XCConfigurationList;
			buildConfigurations = (
				BF1E97C02EFFA60F006A071E /* Debug */,
				BF1E97C12EFFA60F006A071E /* Release */,
			);
			defaultConfigurationIsVisible = 0;
			defaultConfigurationName = Release;
		};
		BF1E97C22EFFA60F006A071E /* Build configuration list for PBXNativeTarget "Squibble" */ = {
			isa = XCConfigurationList;
			buildConfigurations = (
				BF1E97C32EFFA60F006A071E /* Debug */,
				BF1E97C42EFFA60F006A071E /* Release */,
			);
			defaultConfigurationIsVisible = 0;
			defaultConfigurationName = Release;
		};
		BF1E98412F037253006A071E /* Build configuration list for PBXNativeTarget "SquibbleWidgetExtension" */ = {
			isa = XCConfigurationList;
			buildConfigurations = (
				BF1E98422F037253006A071E /* Debug */,
				BF1E98432F037253006A071E /* Release */,
			);
			defaultConfigurationIsVisible = 0;
			defaultConfigurationName = Release;
		};
		BF2A00112F040000006A071E /* Build configuration list for PBXNativeTarget "NotificationServiceExtension" */ = {
			isa = XCConfigurationList;
			buildConfigurations = (
				BF2A000F2F040000006A071E /* Debug */,
				BF2A00102F040000006A071E /* Release */,
			);
			defaultConfigurationIsVisible = 0;
			defaultConfigurationName = Release;
		};
/* End XCConfigurationList section */

/* Begin XCRemoteSwiftPackageReference section */
		BF1E97D72F00C164006A071E /* XCRemoteSwiftPackageReference "supabase-swift" */ = {
			isa = XCRemoteSwiftPackageReference;
			repositoryURL = "https://github.com/supabase/supabase-swift";
			requirement = {
				kind = upToNextMajorVersion;
				minimumVersion = 2.5.1;
			};
		};
		BF1E97E22F00C19C006A071E /* XCRemoteSwiftPackageReference "GoogleSignIn-iOS" */ = {
			isa = XCRemoteSwiftPackageReference;
			repositoryURL = "https://github.com/google/GoogleSignIn-iOS";
			requirement = {
				kind = upToNextMajorVersion;
				minimumVersion = 9.0.0;
			};
		};
		BF1E97E72F00C1C6006A071E /* XCRemoteSwiftPackageReference "swift-package-manager-google-mobile-ads" */ = {
			isa = XCRemoteSwiftPackageReference;
			repositoryURL = "https://github.com/googleads/swift-package-manager-google-mobile-ads";
			requirement = {
				kind = upToNextMajorVersion;
				minimumVersion = 12.14.0;
			};
		};
/* End XCRemoteSwiftPackageReference section */

/* Begin XCSwiftPackageProductDependency section */
		BF1E97D82F00C164006A071E /* Auth */ = {
			isa = XCSwiftPackageProductDependency;
			package = BF1E97D72F00C164006A071E /* XCRemoteSwiftPackageReference "supabase-swift" */;
			productName = Auth;
		};
		BF1E97DA2F00C164006A071E /* Functions */ = {
			isa = XCSwiftPackageProductDependency;
			package = BF1E97D72F00C164006A071E /* XCRemoteSwiftPackageReference "supabase-swift" */;
			productName = Functions;
		};
		BF1E97DC2F00C164006A071E /* PostgREST */ = {
			isa = XCSwiftPackageProductDependency;
			package = BF1E97D72F00C164006A071E /* XCRemoteSwiftPackageReference "supabase-swift" */;
			productName = PostgREST;
		};
		BF1E97DE2F00C164006A071E /* Realtime */ = {
			isa = XCSwiftPackageProductDependency;
			package = BF1E97D72F00C164006A071E /* XCRemoteSwiftPackageReference "supabase-swift" */;
			productName = Realtime;
		};
		BF1E97E02F00C164006A071E /* Storage */ = {
			isa = XCSwiftPackageProductDependency;
			package = BF1E97D72F00C164006A071E /* XCRemoteSwiftPackageReference "supabase-swift" */;
			productName = Storage;
		};
		BF1E97E32F00C19C006A071E /* GoogleSignIn */ = {
			isa = XCSwiftPackageProductDependency;
			package = BF1E97E22F00C19C006A071E /* XCRemoteSwiftPackageReference "GoogleSignIn-iOS" */;
			productName = GoogleSignIn;
		};
		BF1E97E52F00C19C006A071E /* GoogleSignInSwift */ = {
			isa = XCSwiftPackageProductDependency;
			package = BF1E97E22F00C19C006A071E /* XCRemoteSwiftPackageReference "GoogleSignIn-iOS" */;
			productName = GoogleSignInSwift;
		};
		BF1E97E82F00C1C6006A071E /* GoogleMobileAds */ = {
			isa = XCSwiftPackageProductDependency;
			package = BF1E97E72F00C1C6006A071E /* XCRemoteSwiftPackageReference "swift-package-manager-google-mobile-ads" */;
			productName = GoogleMobileAds;
		};
		BF1E980A2F00FD96006A071E /* Supabase */ = {
			isa = XCSwiftPackageProductDependency;
			package = BF1E97D72F00C164006A071E /* XCRemoteSwiftPackageReference "supabase-swift" */;
			productName = Supabase;
		};
/* End XCSwiftPackageProductDependency section */
	};
	rootObject = BF1E97AF2EFFA60E006A071E /* Project object */;
}
